
Microsoft Visual Studio Solution File, Format Version 12.00
# Visual Studio 15
VisualStudioVersion = 15.0.27428.2043
MinimumVisualStudioVersion = 10.0.40219.1
Project("{8BC9CEB8-8B4A-11D0-8D11-00A0C91BC942}") = "TelnetSrv", "TelnetSrv\TelnetSrv.vcxproj", "{2C5B3BC5-7FE8-4C1E-8BBA-DA88EE7E2D11}"
EndProject
Global
	GlobalSection(SolutionConfigurationPlatforms) = preSolution
		Debug|x64 = Debug|x64
		Debug|x86 = Debug|x86
		Release|x64 = Release|x64
		Release|x86 = Release|x86
	EndGlobalSection
	GlobalSection(ProjectConfigurationPlatforms) = postSolution
		{2C5B3BC5-7FE8-4C1E-8BBA-DA88EE7E2D11}.Debug|x64.ActiveCfg = Debug|x64
		{2C5B3BC5-7FE8-4C1E-8BBA-DA88EE7E2D11}.Debug|x64.Build.0 = Debug|x64
		{2C5B3BC5-7FE8-4C1E-8BBA-DA88EE7E2D11}.Debug|x86.ActiveCfg = Debug|Win32
		{2C5B3BC5-7FE8-4C1E-8BBA-DA88EE7E2D11}.Debug|x86.Build.0 = Debug|Win32
		{2C5B3BC5-7FE8-4C1E-8BBA-DA88EE7E2D11}.Release|x64.ActiveCfg = Release|x64
		{2C5B3BC5-7FE8-4C1E-8BBA-DA88EE7E2D11}.Release|x64.Build.0 = Release|x64
		{2C5B3BC5-7FE8-4C1E-8BBA-DA88EE7E2D11}.Release|x86.ActiveCfg = Release|Win32
		{2C5B3BC5-7FE8-4C1E-8BBA-DA88EE7E2D11}.Release|x86.Build.0 = Release|Win32
	EndGlobalSection
	GlobalSection(SolutionProperties) = preSolution
		HideSolutionNode = FALSE
	EndGlobalSection
	GlobalSection(ExtensibilityGlobals) = postSolution
		SolutionGuid = {1AF4E444-9AAA-41E2-9909-A168BF3DC133}
	EndGlobalSection
EndGlobal
